version = 1
revision = 3
requires-python = ">=3.14"

[[package]]
name = "asgiref"
version = "3.11.1"
source = { registry = "https://pypi.org/simple" }
sdist = { url = "https://files.pythonhosted.org/packages/63/40/f03da1264ae8f7cfdbf9146542e5e7e8100a4c66ab48e791df9a03d3f6c0/asgiref-3.11.1.tar.gz", hash = "sha256:5f184dc43b7e763efe848065441eac62229c9f7b0475f41f80e207a114eda4ce", size = 38550, upload-time = "2026-02-03T13:30:14.33Z" }
wheels = [
    { url = "https://files.pythonhosted.org/packages/5c/0a/a72d10ed65068e115044937873362e6e32fab1b7dce0046aeb224682c989/asgiref-3.11.1-py3-none-any.whl", hash = "sha256:e8667a091e69529631969fd45dc268fa79b99c92c5fcdda727757e52146ec133", size = 24345, upload-time = "2026-02-03T13:30:13.039Z" },
]

[[package]]
name = "click"
version = "8.3.1"
source = { registry = "https://pypi.org/simple" }
dependencies = [
    { name = "colorama", marker = "sys_platform == 'win32'" },
]
sdist = { url = "https://files.pythonhosted.org/packages/3d/fa/656b739db8587d7b5dfa22e22ed02566950fbfbcdc20311993483657a5c0/click-8.3.1.tar.gz", hash = "sha256:12ff4785d337a1bb490bb7e9c2b1ee5da3112e94a8622f26a6c77f5d2fc6842a", size = 295065, upload-time = "2025-11-15T20:45:42.706Z" }
wheels = [
    { url = "https://files.pythonhosted.org/packages/98/78/01c019cdb5d6498122777c1a43056ebb3ebfeef2076d9d026bfe15583b2b/click-8.3.1-py3-none-any.whl", hash = "sha256:981153a64e25f12d547d3426c367a4857371575ee7ad18df2a6183ab0545b2a6", size = 108274, upload-time = "2025-11-15T20:45:41.139Z" },
]

[[package]]
name = "colorama"
version = "0.4.6"
source = { registry = "https://pypi.org/simple" }
sdist = { url = "https://files.pythonhosted.org/packages/d8/53/6f443c9a4a8358a93a6792e2acffb9d9d5cb0a5cfd8802644b7b1c9a02e4/colorama-0.4.6.tar.gz", hash = "sha256:08695f5cb7ed6e0531a20572697297273c47b8cae5a63ffc6d6ed5c201be6e44", size = 27697, upload-time = "2022-10-25T02:36:22.414Z" }
wheels = [
    { url = "https://files.pythonhosted.org/packages/d1/d6/3965ed04c63042e047cb6a3e6ed1a63a35087b6a609aa3a15ed8ac56c221/colorama-0.4.6-py2.py3-none-any.whl", hash = "sha256:4f1d9991f5acc0ca119f9d443620b77f9d6b33703e51011c16baf57afb285fc6", size = 25335, upload-time = "2022-10-25T02:36:20.889Z" },
]

[[package]]
name = "django"
version = "6.0.2"
source = { registry = "https://pypi.org/simple" }
dependencies = [
    { name = "asgiref" },
    { name = "sqlparse" },
    { name = "tzdata", marker = "sys_platform == 'win32'" },
]
sdist = { url = "https://files.pythonhosted.org/packages/26/3e/a1c4207c5dea4697b7a3387e26584919ba987d8f9320f59dc0b5c557a4eb/django-6.0.2.tar.gz", hash = "sha256:3046a53b0e40d4b676c3b774c73411d7184ae2745fe8ce5e45c0f33d3ddb71a7", size = 10886874, upload-time = "2026-02-03T13:50:31.596Z" }
wheels = [
    { url = "https://files.pythonhosted.org/packages/96/ba/a6e2992bc5b8c688249c00ea48cb1b7a9bc09839328c81dc603671460928/django-6.0.2-py3-none-any.whl", hash = "sha256:610dd3b13d15ec3f1e1d257caedd751db8033c5ad8ea0e2d1219a8acf446ecc6", size = 8339381, upload-time = "2026-02-03T13:50:15.501Z" },
]

[[package]]
name = "django-allauth"
version = "65.14.3"
source = { registry = "https://pypi.org/simple" }
dependencies = [
    { name = "asgiref" },
    { name = "django" },
]
sdist = { url = "https://files.pythonhosted.org/packages/f0/fc/d36b857ff3e367dc9d09af41d908c0f3c26688e6078ace26a1f29339f860/django_allauth-65.14.3.tar.gz", hash = "sha256:548eef76ab85f6e48f46f98437abf22acf0e834f73e9915fb6cc3f31a0dcdf4d", size = 2029142, upload-time = "2026-02-13T18:40:52.441Z" }
wheels = [
    { url = "https://files.pythonhosted.org/packages/08/7c/0613ef129685b59e4ffbe592788fd76461fb1947743f89d1874b7d70dc83/django_allauth-65.14.3-py3-none-any.whl", hash = "sha256:1d8e1127bdffceb8001bdd9bafbf97661f81e92f4b7bd4f6e799167b0311286d", size = 1828808, upload-time = "2026-02-13T18:41:04.665Z" },
]

[[package]]
name = "gunicorn"
version = "25.1.0"
source = { registry = "https://pypi.org/simple" }
dependencies = [
    { name = "packaging" },
]
sdist = { url = "https://files.pythonhosted.org/packages/66/13/ef67f59f6a7896fdc2c1d62b5665c5219d6b0a9a1784938eb9a28e55e128/gunicorn-25.1.0.tar.gz", hash = "sha256:1426611d959fa77e7de89f8c0f32eed6aa03ee735f98c01efba3e281b1c47616", size = 594377, upload-time = "2026-02-13T11:09:58.989Z" }
wheels = [
    { url = "https://files.pythonhosted.org/packages/da/73/4ad5b1f6a2e21cf1e85afdaad2b7b1a933985e2f5d679147a1953aaa192c/gunicorn-25.1.0-py3-none-any.whl", hash = "sha256:d0b1236ccf27f72cfe14bce7caadf467186f19e865094ca84221424e839b8b8b", size = 197067, upload-time = "2026-02-13T11:09:57.146Z" },
]

[[package]]
name = "joblib"
version = "1.5.3"
source = { registry = "https://pypi.org/simple" }
sdist = { url = "https://files.pythonhosted.org/packages/41/f2/d34e8b3a08a9cc79a50b2208a93dce981fe615b64d5a4d4abee421d898df/joblib-1.5.3.tar.gz", hash = "sha256:8561a3269e6801106863fd0d6d84bb737be9e7631e33aaed3fb9ce5953688da3", size = 331603, upload-time = "2025-12-15T08:41:46.427Z" }
wheels = [
    { url = "https://files.pythonhosted.org/packages/7b/91/984aca2ec129e2757d1e4e3c81c3fcda9d0f85b74670a094cc443d9ee949/joblib-1.5.3-py3-none-any.whl", hash = "sha256:5fc3c5039fc5ca8c0276333a188bbd59d6b7ab37fe6632daa76bc7f9ec18e713", size = 309071, upload-time = "2025-12-15T08:41:44.973Z" },
]

[[package]]
name = "nltk"
version = "3.9.3"
source = { registry = "https://pypi.org/simple" }
dependencies = [
    { name = "click" },
    { name = "joblib" },
    { name = "regex" },
    { name = "tqdm" },
]
sdist = { url = "https://files.pythonhosted.org/packages/e1/8f/915e1c12df07c70ed779d18ab83d065718a926e70d3ea33eb0cd66ffb7c0/nltk-3.9.3.tar.gz", hash = "sha256:cb5945d6424a98d694c2b9a0264519fab4363711065a46aa0ae7a2195b92e71f", size = 2923673, upload-time = "2026-02-24T12:05:53.833Z" }
wheels = [
    { url = "https://files.pythonhosted.org/packages/c2/7e/9af5a710a1236e4772de8dfcc6af942a561327bb9f42b5b4a24d0cf100fd/nltk-3.9.3-py3-none-any.whl", hash = "sha256:60b3db6e9995b3dd976b1f0fa7dec22069b2677e759c28eb69b62ddd44870522", size = 1525385, upload-time = "2026-02-24T12:05:46.54Z" },
]

[[package]]
name = "packaging"
version = "26.0"
source = { registry = "https://pypi.org/simple" }
sdist = { url = "https://files.pythonhosted.org/packages/65/ee/299d360cdc32edc7d2cf530f3accf79c4fca01e96ffc950d8a52213bd8e4/packaging-26.0.tar.gz", hash = "sha256:00243ae351a257117b6a241061796684b084ed1c516a08c48a3f7e147a9d80b4", size = 143416, upload-time = "2026-01-21T20:50:39.064Z" }
wheels = [
    { url = "https://files.pythonhosted.org/packages/b7/b9/c538f279a4e237a006a2c98387d081e9eb060d203d8ed34467cc0f0b9b53/packaging-26.0-py3-none-any.whl", hash = "sha256:b36f1fef9334a5588b4166f8bcd26a14e521f2b55e6b9de3aaa80d3ff7a37529", size = 74366, upload-time = "2026-01-21T20:50:37.788Z" },
]

[[package]]
name = "psycopg2-binary"
version = "2.9.11"
source = { registry = "https://pypi.org/simple" }
sdist = { url = "https://files.pythonhosted.org/packages/ac/6c/8767aaa597ba424643dc87348c6f1754dd9f48e80fdc1b9f7ca5c3a7c213/psycopg2-binary-2.9.11.tar.gz", hash = "sha256:b6aed9e096bf63f9e75edf2581aa9a7e7186d97ab5c177aa6c87797cd591236c", size = 379620, upload-time = "2025-10-10T11:14:48.041Z" }
wheels = [
    { url = "https://files.pythonhosted.org/packages/64/12/93ef0098590cf51d9732b4f139533732565704f45bdc1ffa741b7c95fb54/psycopg2_binary-2.9.11-cp314-cp314-macosx_10_13_x86_64.whl", hash = "sha256:92e3b669236327083a2e33ccfa0d320dd01b9803b3e14dd986a4fc54aa00f4e1", size = 3756567, upload-time = "2025-10-10T11:13:11.885Z" },
    { url = "https://files.pythonhosted.org/packages/7c/a9/9d55c614a891288f15ca4b5209b09f0f01e3124056924e17b81b9fa054cc/psycopg2_binary-2.9.11-cp314-cp314-macosx_11_0_arm64.whl", hash = "sha256:e0deeb03da539fa3577fcb0b3f2554a97f7e5477c246098dbb18091a4a01c16f", size = 3864755, upload-time = "2025-10-10T11:13:17.727Z" },
    { url = "https://files.pythonhosted.org/packages/13/1e/98874ce72fd29cbde93209977b196a2edae03f8490d1bd8158e7f1daf3a0/psycopg2_binary-2.9.11-cp314-cp314-manylinux2014_aarch64.manylinux_2_17_aarch64.whl", hash = "sha256:9b52a3f9bb540a3e4ec0f6ba6d31339727b2950c9772850d6545b7eae0b9d7c5", size = 4411646, upload-time = "2025-10-10T11:13:24.432Z" },
    { url = "https://files.pythonhosted.org/packages/5a/bd/a335ce6645334fb8d758cc358810defca14a1d19ffbc8a10bd38a2328565/psycopg2_binary-2.9.11-cp314-cp314-manylinux2014_ppc64le.manylinux_2_17_ppc64le.whl", hash = "sha256:db4fd476874ccfdbb630a54426964959e58da4c61c9feba73e6094d51303d7d8", size = 4468701, upload-time = "2025-10-10T11:13:29.266Z" },
    { url = "https://files.pythonhosted.org/packages/44/d6/c8b4f53f34e295e45709b7568bf9b9407a612ea30387d35eb9fa84f269b4/psycopg2_binary-2.9.11-cp314-cp314-manylinux2014_x86_64.manylinux_2_17_x86_64.whl", hash = "sha256:47f212c1d3be608a12937cc131bd85502954398aaa1320cb4c14421a0ffccf4c", size = 4166293, upload-time = "2025-10-10T11:13:33.336Z" },
    { url = "https://files.pythonhosted.org/packages/4b/e0/f8cc36eadd1b716ab36bb290618a3292e009867e5c97ce4aba908cb99644/psycopg2_binary-2.9.11-cp314-cp314-manylinux_2_38_riscv64.manylinux_2_39_riscv64.whl", hash = "sha256:e35b7abae2b0adab776add56111df1735ccc71406e56203515e228a8dc07089f", size = 3983184, upload-time = "2025-10-30T02:55:32.483Z" },
    { url = "https://files.pythonhosted.org/packages/53/3e/2a8fe18a4e61cfb3417da67b6318e12691772c0696d79434184a511906dc/psycopg2_binary-2.9.11-cp314-cp314-musllinux_1_2_aarch64.whl", hash = "sha256:fcf21be3ce5f5659daefd2b3b3b6e4727b028221ddc94e6c1523425579664747", size = 3652650, upload-time = "2025-10-10T11:13:38.181Z" },
    { url = "https://files.pythonhosted.org/packages/76/36/03801461b31b29fe58d228c24388f999fe814dfc302856e0d17f97d7c54d/psycopg2_binary-2.9.11-cp314-cp314-musllinux_1_2_ppc64le.whl", hash = "sha256:9bd81e64e8de111237737b29d68039b9c813bdf520156af36d26819c9a979e5f", size = 3298663, upload-time = "2025-10-10T11:13:44.878Z" },
    { url = "https://files.pythonhosted.org/packages/97/77/21b0ea2e1a73aa5fa9222b2a6b8ba325c43c3a8d54272839c991f2345656/psycopg2_binary-2.9.11-cp314-cp314-musllinux_1_2_riscv64.whl", hash = "sha256:32770a4d666fbdafab017086655bcddab791d7cb260a16679cc5a7338b64343b", size = 3044737, upload-time = "2025-10-30T02:55:35.69Z" },
    { url = "https://files.pythonhosted.org/packages/67/69/f36abe5f118c1dca6d3726ceae164b9356985805480731ac6712a63f24f0/psycopg2_binary-2.9.11-cp314-cp314-musllinux_1_2_x86_64.whl", hash = "sha256:c3cb3a676873d7506825221045bd70e0427c905b9c8ee8d6acd70cfcbd6e576d", size = 3347643, upload-time = "2025-10-10T11:13:53.499Z" },
    { url = "https://files.pythonhosted.org/packages/e1/36/9c0c326fe3a4227953dfb29f5d0c8ae3b8eb8c1cd2967aa569f50cb3c61f/psycopg2_binary-2.9.11-cp314-cp314-win_amd64.whl", hash = "sha256:4012c9c954dfaccd28f94e84ab9f94e12df76b4afb22331b1f0d3154893a6316", size = 2803913, upload-time = "2025-10-10T11:13:57.058Z" },
]

[[package]]
name = "python-dotenv"
version = "1.2.1"
source = { registry = "https://pypi.org/simple" }
sdist = { url = "https://files.pythonhosted.org/packages/f0/26/19cadc79a718c5edbec86fd4919a6b6d3f681039a2f6d66d14be94e75fb9/python_dotenv-1.2.1.tar.gz", hash = "sha256:42667e897e16ab0d66954af0e60a9caa94f0fd4ecf3aaf6d2d260eec1aa36ad6", size = 44221, upload-time = "2025-10-26T15:12:10.434Z" }
wheels = [
    { url = "https://files.pythonhosted.org/packages/14/1b/a298b06749107c305e1fe0f814c6c74aea7b2f1e10989cb30f544a1b3253/python_dotenv-1.2.1-py3-none-any.whl", hash = "sha256:b81ee9561e9ca4004139c6cbba3a238c32b03e4894671e181b671e8cb8425d61", size = 21230, upload-time = "2025-10-26T15:12:09.109Z" },
]

[[package]]
name = "regex"
version = "2026.2.19"
source = { registry = "https://pypi.org/simple" }
sdist = { url = "https://files.pythonhosted.org/packages/ff/c0/d8079d4f6342e4cec5c3e7d7415b5cd3e633d5f4124f7a4626908dbe84c7/regex-2026.2.19.tar.gz", hash = "sha256:6fb8cb09b10e38f3ae17cc6dc04a1df77762bd0351b6ba9041438e7cc85ec310", size = 414973, upload-time = "2026-02-19T19:03:47.899Z" }
wheels = [
    { url = "https://files.pythonhosted.org/packages/2d/e2/7ad4e76a6dddefc0d64dbe12a4d3ca3947a19ddc501f864a5df2a8222ddd/regex-2026.2.19-cp314-cp314-macosx_10_13_universal2.whl", hash = "sha256:03d191a9bcf94d31af56d2575210cb0d0c6a054dbcad2ea9e00aa4c42903b919", size = 489306, upload-time = "2026-02-19T19:02:29.058Z" },
    { url = "https://files.pythonhosted.org/packages/14/95/ee1736135733afbcf1846c58671046f99c4d5170102a150ebb3dd8d701d9/regex-2026.2.19-cp314-cp314-macosx_10_13_x86_64.whl", hash = "sha256:516ee067c6c721d0d0bfb80a2004edbd060fffd07e456d4e1669e38fe82f922e", size = 291218, upload-time = "2026-02-19T19:02:31.083Z" },
    { url = "https://files.pythonhosted.org/packages/ef/08/180d1826c3d7065200a5168c6b993a44947395c7bb6e04b2c2a219c34225/regex-2026.2.19-cp314-cp314-macosx_11_0_arm64.whl", hash = "sha256:997862c619994c4a356cb7c3592502cbd50c2ab98da5f61c5c871f10f22de7e5", size = 289097, upload-time = "2026-02-19T19:02:33.485Z" },
    { url = "https://files.pythonhosted.org/packages/28/93/0651924c390c5740f5f896723f8ddd946a6c63083a7d8647231c343912ff/regex-2026.2.19-cp314-cp314-manylinux2014_aarch64.manylinux_2_17_aarch64.manylinux_2_28_aarch64.whl", hash = "sha256:02b9e1b8a7ebe2807cd7bbdf662510c8e43053a23262b9f46ad4fc2dfc9d204e", size = 799147, upload-time = "2026-02-19T19:02:35.669Z" },
    { url = "https://files.pythonhosted.org/packages/a7/00/2078bd8bcd37d58a756989adbfd9f1d0151b7ca4085a9c2a07e917fbac61/regex-2026.2.19-cp314-cp314-manylinux2014_ppc64le.manylinux_2_17_ppc64le.manylinux_2_28_ppc64le.whl", hash = "sha256:6c8fb3b19652e425ff24169dad3ee07f99afa7996caa9dfbb3a9106cd726f49a", size = 865239, upload-time = "2026-02-19T19:02:38.012Z" },
    { url = "https://files.pythonhosted.org/packages/2a/13/75195161ec16936b35a365fa8c1dd2ab29fd910dd2587765062b174d8cfc/regex-2026.2.19-cp314-cp314-manylinux2014_s390x.manylinux_2_17_s390x.manylinux_2_28_s390x.whl", hash = "sha256:50f1ee9488dd7a9fda850ec7c68cad7a32fa49fd19733f5403a3f92b451dcf73", size = 911904, upload-time = "2026-02-19T19:02:40.737Z" },
    { url = "https://files.pythonhosted.org/packages/96/72/ac42f6012179343d1c4bd0ffee8c948d841cb32ea188d37e96d80527fcc9/regex-2026.2.19-cp314-cp314-manylinux2014_x86_64.manylinux_2_17_x86_64.manylinux_2_28_x86_64.whl", hash = "sha256:ab780092b1424d13200aa5a62996e95f65ee3db8509be366437439cdc0af1a9f", size = 803518, upload-time = "2026-02-19T19:02:42.923Z" },
    { url = "https://files.pythonhosted.org/packages/bc/d1/75a08e2269b007b9783f0f86aa64488e023141219cb5f14dc1e69cda56c6/regex-2026.2.19-cp314-cp314-manylinux_2_31_riscv64.manylinux_2_39_riscv64.whl", hash = "sha256:17648e1a88e72d88641b12635e70e6c71c5136ba14edba29bf8fc6834005a265", size = 775866, upload-time = "2026-02-19T19:02:45.189Z" },
    { url = "https://files.pythonhosted.org/packages/92/41/70e7d05faf6994c2ca7a9fcaa536da8f8e4031d45b0ec04b57040ede201f/regex-2026.2.19-cp314-cp314-musllinux_1_2_aarch64.whl", hash = "sha256:2f914ae8c804c8a8a562fe216100bc156bfb51338c1f8d55fe32cf407774359a", size = 788224, upload-time = "2026-02-19T19:02:47.804Z" },
    { url = "https://files.pythonhosted.org/packages/c8/83/34a2dd601f9deb13c20545c674a55f4a05c90869ab73d985b74d639bac43/regex-2026.2.19-cp314-cp314-musllinux_1_2_ppc64le.whl", hash = "sha256:c7e121a918bbee3f12ac300ce0a0d2f2c979cf208fb071ed8df5a6323281915c", size = 859682, upload-time = "2026-02-19T19:02:50.583Z" },
    { url = "https://files.pythonhosted.org/packages/8e/30/136db9a09a7f222d6e48b806f3730e7af6499a8cad9c72ac0d49d52c746e/regex-2026.2.19-cp314-cp314-musllinux_1_2_riscv64.whl", hash = "sha256:2fedd459c791da24914ecc474feecd94cf7845efb262ac3134fe27cbd7eda799", size = 764223, upload-time = "2026-02-19T19:02:52.777Z" },
    { url = "https://files.pythonhosted.org/packages/9e/ea/bb947743c78a16df481fa0635c50aa1a439bb80b0e6dc24cd4e49c716679/regex-2026.2.19-cp314-cp314-musllinux_1_2_s390x.whl", hash = "sha256:ea8dfc99689240e61fb21b5fc2828f68b90abf7777d057b62d3166b7c1543c4c", size = 850101, upload-time = "2026-02-19T19:02:55.87Z" },
    { url = "https://files.pythonhosted.org/packages/25/27/e3bfe6e97a99f7393665926be02fef772da7f8aa59e50bc3134e4262a032/regex-2026.2.19-cp314-cp314-musllinux_1_2_x86_64.whl", hash = "sha256:9fff45852160960f29e184ec8a5be5ab4063cfd0b168d439d1fc4ac3744bf29e", size = 789904, upload-time = "2026-02-19T19:02:58.523Z" },
    { url = "https://files.pythonhosted.org/packages/84/7b/7e2be6f00cea59d08761b027ad237002e90cac74b1607200ebaa2ba3d586/regex-2026.2.19-cp314-cp314-win32.whl", hash = "sha256:5390b130cce14a7d1db226a3896273b7b35be10af35e69f1cca843b6e5d2bb2d", size = 271784, upload-time = "2026-02-19T19:03:00.418Z" },
    { url = "https://files.pythonhosted.org/packages/f7/f6/639911530335773e7ec60bcaa519557b719586024c1d7eaad1daf87b646b/regex-2026.2.19-cp314-cp314-win_amd64.whl", hash = "sha256:e581f75d5c0b15669139ca1c2d3e23a65bb90e3c06ba9d9ea194c377c726a904", size = 280506, upload-time = "2026-02-19T19:03:02.302Z" },
    { url = "https://files.pythonhosted.org/packages/cd/ec/2582b56b4e036d46bb9b5d74a18548439ffa16c11cf59076419174d80f48/regex-2026.2.19-cp314-cp314-win_arm64.whl", hash = "sha256:7187fdee1be0896c1499a991e9bf7c78e4b56b7863e7405d7bb687888ac10c4b", size = 273557, upload-time = "2026-02-19T19:03:04.836Z" },
    { url = "https://files.pythonhosted.org/packages/49/0b/f901cfeb4efd83e4f5c3e9f91a6de77e8e5ceb18555698aca3a27e215ed3/regex-2026.2.19-cp314-cp314t-macosx_10_13_universal2.whl", hash = "sha256:5ec1d7c080832fdd4e150c6f5621fe674c70c63b3ae5a4454cebd7796263b175", size = 492196, upload-time = "2026-02-19T19:03:08.188Z" },
    { url = "https://files.pythonhosted.org/packages/94/0a/349b959e3da874e15eda853755567b4cde7e5309dbb1e07bfe910cfde452/regex-2026.2.19-cp314-cp314t-macosx_10_13_x86_64.whl", hash = "sha256:8457c1bc10ee9b29cdfd897ccda41dce6bde0e9abd514bcfef7bcd05e254d411", size = 292878, upload-time = "2026-02-19T19:03:10.272Z" },
    { url = "https://files.pythonhosted.org/packages/98/b0/9d81b3c2c5ddff428f8c506713737278979a2c476f6e3675a9c51da0c389/regex-2026.2.19-cp314-cp314t-macosx_11_0_arm64.whl", hash = "sha256:cce8027010d1ffa3eb89a0b19621cdc78ae548ea2b49fea1f7bfb3ea77064c2b", size = 291235, upload-time = "2026-02-19T19:03:12.5Z" },
    { url = "https://files.pythonhosted.org/packages/04/e7/be7818df8691dbe9508c381ea2cc4c1153e4fdb1c4b06388abeaa93bd712/regex-2026.2.19-cp314-cp314t-manylinux2014_aarch64.manylinux_2_17_aarch64.manylinux_2_28_aarch64.whl", hash = "sha256:11c138febb40546ff9e026dbbc41dc9fb8b29e61013fa5848ccfe045f5b23b83", size = 807893, upload-time = "2026-02-19T19:03:15.064Z" },
    { url = "https://files.pythonhosted.org/packages/0c/b6/b898a8b983190cfa0276031c17beb73cfd1db07c03c8c37f606d80b655e2/regex-2026.2.19-cp314-cp314t-manylinux2014_ppc64le.manylinux_2_17_ppc64le.manylinux_2_28_ppc64le.whl", hash = "sha256:74ff212aa61532246bb3036b3dfea62233414b0154b8bc3676975da78383cac3", size = 873696, upload-time = "2026-02-19T19:03:17.848Z" },
    { url = "https://files.pythonhosted.org/packages/1a/98/126ba671d54f19080ec87cad228fb4f3cc387fff8c4a01cb4e93f4ff9d94/regex-2026.2.19-cp314-cp314t-manylinux2014_s390x.manylinux_2_17_s390x.manylinux_2_28_s390x.whl", hash = "sha256:d00c95a2b6bfeb3ea1cb68d1751b1dfce2b05adc2a72c488d77a780db06ab867", size = 915493, upload-time = "2026-02-19T19:03:20.343Z" },
    { url = "https://files.pythonhosted.org/packages/b2/10/550c84a1a1a7371867fe8be2bea7df55e797cbca4709974811410e195c5d/regex-2026.2.19-cp314-cp314t-manylinux2014_x86_64.manylinux_2_17_x86_64.manylinux_2_28_x86_64.whl", hash = "sha256:311fcccb76af31be4c588d5a17f8f1a059ae8f4b097192896ebffc95612f223a", size = 813094, upload-time = "2026-02-19T19:03:23.287Z" },
    { url = "https://files.pythonhosted.org/packages/29/fb/ba221d2fc76a27b6b7d7a60f73a7a6a7bac21c6ba95616a08be2bcb434b0/regex-2026.2.19-cp314-cp314t-manylinux_2_31_riscv64.manylinux_2_39_riscv64.whl", hash = "sha256:77cfd6b5e7c4e8bf7a39d243ea05882acf5e3c7002b0ef4756de6606893b0ecd", size = 781583, upload-time = "2026-02-19T19:03:26.872Z" },
    { url = "https://files.pythonhosted.org/packages/26/f1/af79231301297c9e962679efc04a31361b58dc62dec1fc0cb4b8dd95956a/regex-2026.2.19-cp314-cp314t-musllinux_1_2_aarch64.whl", hash = "sha256:6380f29ff212ec922b6efb56100c089251940e0526a0d05aa7c2d9b571ddf2fe", size = 795875, upload-time = "2026-02-19T19:03:29.223Z" },
    { url = "https://files.pythonhosted.org/packages/a0/90/1e1d76cb0a2d0a4f38a039993e1c5cd971ae50435d751c5bae4f10e1c302/regex-2026.2.19-cp314-cp314t-musllinux_1_2_ppc64le.whl", hash = "sha256:655f553a1fa3ab8a7fd570eca793408b8d26a80bfd89ed24d116baaf13a38969", size = 868916, upload-time = "2026-02-19T19:03:31.415Z" },
    { url = "https://files.pythonhosted.org/packages/9a/67/a1c01da76dbcfed690855a284c665cc0a370e7d02d1bd635cf9ff7dd74b8/regex-2026.2.19-cp314-cp314t-musllinux_1_2_riscv64.whl", hash = "sha256:015088b8558502f1f0bccd58754835aa154a7a5b0bd9d4c9b7b96ff4ae9ba876", size = 770386, upload-time = "2026-02-19T19:03:33.972Z" },
    { url = "https://files.pythonhosted.org/packages/49/6f/94842bf294f432ff3836bfd91032e2ecabea6d284227f12d1f935318c9c4/regex-2026.2.19-cp314-cp314t-musllinux_1_2_s390x.whl", hash = "sha256:9e6693b8567a59459b5dda19104c4a4dbbd4a1c78833eacc758796f2cfef1854", size = 855007, upload-time = "2026-02-19T19:03:36.238Z" },
    { url = "https://files.pythonhosted.org/packages/ff/93/393cd203ca0d1d368f05ce12d2c7e91a324bc93c240db2e6d5ada05835f4/regex-2026.2.19-cp314-cp314t-musllinux_1_2_x86_64.whl", hash = "sha256:4071209fd4376ab5ceec72ad3507e9d3517c59e38a889079b98916477a871868", size = 799863, upload-time = "2026-02-19T19:03:38.497Z" },
    { url = "https://files.pythonhosted.org/packages/43/d9/35afda99bd92bf1a5831e55a4936d37ea4bed6e34c176a3c2238317faf4f/regex-2026.2.19-cp314-cp314t-win32.whl", hash = "sha256:2905ff4a97fad42f2d0834d8b1ea3c2f856ec209837e458d71a061a7d05f9f01", size = 274742, upload-time = "2026-02-19T19:03:40.804Z" },
    { url = "https://files.pythonhosted.org/packages/ae/42/7edc3344dcc87b698e9755f7f685d463852d481302539dae07135202d3ca/regex-2026.2.19-cp314-cp314t-win_amd64.whl", hash = "sha256:64128549b600987e0f335c2365879895f860a9161f283b14207c800a6ed623d3", size = 284443, upload-time = "2026-02-19T19:03:42.954Z" },
    { url = "https://files.pythonhosted.org/packages/3a/45/affdf2d851b42adf3d13fc5b3b059372e9bd299371fd84cf5723c45871fa/regex-2026.2.19-cp314-cp314t-win_arm64.whl", hash = "sha256:a09ae430e94c049dc6957f6baa35ee3418a3a77f3c12b6e02883bd80a2b679b0", size = 274932, upload-time = "2026-02-19T19:03:45.488Z" },
]

[[package]]
name = "sqlparse"
version = "0.5.5"
source = { registry = "https://pypi.org/simple" }
sdist = { url = "https://files.pythonhosted.org/packages/90/76/437d71068094df0726366574cf3432a4ed754217b436eb7429415cf2d480/sqlparse-0.5.5.tar.gz", hash = "sha256:e20d4a9b0b8585fdf63b10d30066c7c94c5d7a7ec47c889a2d83a3caa93ff28e", size = 120815, upload-time = "2025-12-19T07:17:45.073Z" }
wheels = [
    { url = "https://files.pythonhosted.org/packages/49/4b/359f28a903c13438ef59ebeee215fb25da53066db67b305c125f1c6d2a25/sqlparse-0.5.5-py3-none-any.whl", hash = "sha256:12a08b3bf3eec877c519589833aed092e2444e68240a3577e8e26148acc7b1ba", size = 46138, upload-time = "2025-12-19T07:17:46.573Z" },
]

[[package]]
name = "tqdm"
version = "4.67.3"
source = { registry = "https://pypi.org/simple" }
dependencies = [
    { name = "colorama", marker = "sys_platform == 'win32'" },
]
sdist = { url = "https://files.pythonhosted.org/packages/09/a9/6ba95a270c6f1fbcd8dac228323f2777d886cb206987444e4bce66338dd4/tqdm-4.67.3.tar.gz", hash = "sha256:7d825f03f89244ef73f1d4ce193cb1774a8179fd96f31d7e1dcde62092b960bb", size = 169598, upload-time = "2026-02-03T17:35:53.048Z" }
wheels = [
    { url = "https://files.pythonhosted.org/packages/16/e1/3079a9ff9b8e11b846c6ac5c8b5bfb7ff225eee721825310c91b3b50304f/tqdm-4.67.3-py3-none-any.whl", hash = "sha256:ee1e4c0e59148062281c49d80b25b67771a127c85fc9676d3be5f243206826bf", size = 78374, upload-time = "2026-02-03T17:35:50.982Z" },
]

[[package]]
name = "tzdata"
version = "2025.3"
source = { registry = "https://pypi.org/simple" }
sdist = { url = "https://files.pythonhosted.org/packages/5e/a7/c202b344c5ca7daf398f3b8a477eeb205cf3b6f32e7ec3a6bac0629ca975/tzdata-2025.3.tar.gz", hash = "sha256:de39c2ca5dc7b0344f2eba86f49d614019d29f060fc4ebc8a417896a620b56a7", size = 196772, upload-time = "2025-12-13T17:45:35.667Z" }
wheels = [
    { url = "https://files.pythonhosted.org/packages/c7/b0/003792df09decd6849a5e39c28b513c06e84436a54440380862b5aeff25d/tzdata-2025.3-py2.py3-none-any.whl", hash = "sha256:06a47e5700f3081aab02b2e513160914ff0694bce9947d6b76ebd6bf57cfc5d1", size = 348521, upload-time = "2025-12-13T17:45:33.889Z" },
]

[[package]]
name = "zahri"
version = "0.1.0"
source = { virtual = "." }
dependencies = [
    { name = "django" },
    { name = "django-allauth" },
    { name = "gunicorn" },
    { name = "nltk" },
    { name = "psycopg2-binary" },
    { name = "python-dotenv" },
]

[package.metadata]
requires-dist = [
    { name = "django", specifier = ">=6.0.2" },
    { name = "django-allauth", specifier = ">=65.14.3" },
    { name = "gunicorn", specifier = ">=25.1.0" },
    { name = "nltk", specifier = ">=3.9.3" },
    { name = "psycopg2-binary", specifier = ">=2.9.11" },
    { name = "python-dotenv", specifier = ">=1.2.1" },
]
