version = 1
revision = 3
requires-python = ">=3.14"

[[package]]
name = "asgiref"
version = "3.11.1"
source = { registry = "https://pypi.org/simple" }
sdist = { url = "https://files.pythonhosted.org/packages/63/40/f03da1264ae8f7cfdbf9146542e5e7e8100a4c66ab48e791df9a03d3f6c0/asgiref-3.11.1.tar.gz", hash = "sha256:5f184dc43b7e763efe848065441eac62229c9f7b0475f41f80e207a114eda4ce", size = 38550, upload-time = "2026-02-03T13:30:14.33Z" }
wheels = [
    { url = "https://files.pythonhosted.org/packages/5c/0a/a72d10ed65068e115044937873362e6e32fab1b7dce0046aeb224682c989/asgiref-3.11.1-py3-none-any.whl", hash = "sha256:e8667a091e69529631969fd45dc268fa79b99c92c5fcdda727757e52146ec133", size = 24345, upload-time = "2026-02-03T13:30:13.039Z" },
]

[[package]]
name = "click"
version = "8.3.2"
source = { registry = "https://pypi.org/simple" }
dependencies = [
    { name = "colorama", marker = "sys_platform == 'win32'" },
]
sdist = { url = "https://files.pythonhosted.org/packages/57/75/31212c6bf2503fdf920d87fee5d7a86a2e3bcf444984126f13d8e4016804/click-8.3.2.tar.gz", hash = "sha256:14162b8b3b3550a7d479eafa77dfd3c38d9dc8951f6f69c78913a8f9a7540fd5", size = 302856, upload-time = "2026-04-03T19:14:45.118Z" }
wheels = [
    { url = "https://files.pythonhosted.org/packages/e4/20/71885d8b97d4f3dde17b1fdb92dbd4908b00541c5a3379787137285f602e/click-8.3.2-py3-none-any.whl", hash = "sha256:1924d2c27c5653561cd2cae4548d1406039cb79b858b747cfea24924bbc1616d", size = 108379, upload-time = "2026-04-03T19:14:43.505Z" },
]

[[package]]
name = "colorama"
version = "0.4.6"
source = { registry = "https://pypi.org/simple" }
sdist = { url = "https://files.pythonhosted.org/packages/d8/53/6f443c9a4a8358a93a6792e2acffb9d9d5cb0a5cfd8802644b7b1c9a02e4/colorama-0.4.6.tar.gz", hash = "sha256:08695f5cb7ed6e0531a20572697297273c47b8cae5a63ffc6d6ed5c201be6e44", size = 27697, upload-time = "2022-10-25T02:36:22.414Z" }
wheels = [
    { url = "https://files.pythonhosted.org/packages/d1/d6/3965ed04c63042e047cb6a3e6ed1a63a35087b6a609aa3a15ed8ac56c221/colorama-0.4.6-py2.py3-none-any.whl", hash = "sha256:4f1d9991f5acc0ca119f9d443620b77f9d6b33703e51011c16baf57afb285fc6", size = 25335, upload-time = "2022-10-25T02:36:20.889Z" },
]

[[package]]
name = "django"
version = "6.0.4"
source = { registry = "https://pypi.org/simple" }
dependencies = [
    { name = "asgiref" },
    { name = "sqlparse" },
    { name = "tzdata", marker = "sys_platform == 'win32'" },
]
sdist = { url = "https://files.pythonhosted.org/packages/60/b9/4155091ad1788b38563bd77a7258c0834e8c12a7f56f6975deaf54f8b61d/django-6.0.4.tar.gz", hash = "sha256:8cfa2572b3f2768b2e84983cf3c4811877a01edb64e817986ec5d60751c113ac", size = 10907407, upload-time = "2026-04-07T13:55:44.961Z" }
wheels = [
    { url = "https://files.pythonhosted.org/packages/e9/47/3d61d611609764aa71a37f7037b870e7bfb22937366974c4fd46cada7bab/django-6.0.4-py3-none-any.whl", hash = "sha256:14359c809fc16e8f81fd2b59d7d348e4d2d799da6840b10522b6edf7b8afc1da", size = 8368342, upload-time = "2026-04-07T13:55:37.999Z" },
]

[[package]]
name = "django-allauth"
version = "65.15.1"
source = { registry = "https://pypi.org/simple" }
dependencies = [
    { name = "asgiref" },
    { name = "django" },
]
sdist = { url = "https://files.pythonhosted.org/packages/01/91/826ec2c0e81b36ed392995b23604cfb3bb993b6ee66017898c25d2fc33f0/django_allauth-65.15.1.tar.gz", hash = "sha256:94c5b9df0c3458019613983ba9e938518acf5c2e4cc6e0f262fc3684ffe45a95", size = 2216647, upload-time = "2026-04-02T09:18:57.62Z" }
wheels = [
    { url = "https://files.pythonhosted.org/packages/ef/20/a6cfe9d5b03bbc76af92060c86682c49df1b8a7a924179da3d20de71dd3a/django_allauth-65.15.1-py3-none-any.whl", hash = "sha256:c32a1031f5601cb66b0aba276fb482d5d1460045a8094795a4db2af0231ee432", size = 2023723, upload-time = "2026-04-02T09:18:33.177Z" },
]

[[package]]
name = "gunicorn"
version = "25.3.0"
source = { registry = "https://pypi.org/simple" }
dependencies = [
    { name = "packaging" },
]
sdist = { url = "https://files.pythonhosted.org/packages/c4/f4/e78fa054248fab913e2eab0332c6c2cb07421fca1ce56d8fe43b6aef57a4/gunicorn-25.3.0.tar.gz", hash = "sha256:f74e1b2f9f76f6cd1ca01198968bd2dd65830edc24b6e8e4d78de8320e2fe889", size = 634883, upload-time = "2026-03-27T00:00:26.092Z" }
wheels = [
    { url = "https://files.pythonhosted.org/packages/43/c8/8aaf447698c4d59aa853fd318eed300b5c9e44459f242ab8ead6c9c09792/gunicorn-25.3.0-py3-none-any.whl", hash = "sha256:cacea387dab08cd6776501621c295a904fe8e3b7aae9a1a3cbb26f4e7ed54660", size = 208403, upload-time = "2026-03-27T00:00:27.386Z" },
]

[[package]]
name = "joblib"
version = "1.5.3"
source = { registry = "https://pypi.org/simple" }
sdist = { url = "https://files.pythonhosted.org/packages/41/f2/d34e8b3a08a9cc79a50b2208a93dce981fe615b64d5a4d4abee421d898df/joblib-1.5.3.tar.gz", hash = "sha256:8561a3269e6801106863fd0d6d84bb737be9e7631e33aaed3fb9ce5953688da3", size = 331603, upload-time = "2025-12-15T08:41:46.427Z" }
wheels = [
    { url = "https://files.pythonhosted.org/packages/7b/91/984aca2ec129e2757d1e4e3c81c3fcda9d0f85b74670a094cc443d9ee949/joblib-1.5.3-py3-none-any.whl", hash = "sha256:5fc3c5039fc5ca8c0276333a188bbd59d6b7ab37fe6632daa76bc7f9ec18e713", size = 309071, upload-time = "2025-12-15T08:41:44.973Z" },
]

[[package]]
name = "nltk"
version = "3.9.4"
source = { registry = "https://pypi.org/simple" }
dependencies = [
    { name = "click" },
    { name = "joblib" },
    { name = "regex" },
    { name = "tqdm" },
]
sdist = { url = "https://files.pythonhosted.org/packages/74/a1/b3b4adf15585a5bc4c357adde150c01ebeeb642173ded4d871e89468767c/nltk-3.9.4.tar.gz", hash = "sha256:ed03bc098a40481310320808b2db712d95d13ca65b27372f8a403949c8b523d0", size = 2946864, upload-time = "2026-03-24T06:13:40.641Z" }
wheels = [
    { url = "https://files.pythonhosted.org/packages/9d/91/04e965f8e717ba0ab4bdca5c112deeab11c9e750d94c4d4602f050295d39/nltk-3.9.4-py3-none-any.whl", hash = "sha256:f2fa301c3a12718ce4a0e9305c5675299da5ad9e26068218b69d692fda84828f", size = 1552087, upload-time = "2026-03-24T06:13:38.47Z" },
]

[[package]]
name = "packaging"
version = "26.0"
source = { registry = "https://pypi.org/simple" }
sdist = { url = "https://files.pythonhosted.org/packages/65/ee/299d360cdc32edc7d2cf530f3accf79c4fca01e96ffc950d8a52213bd8e4/packaging-26.0.tar.gz", hash = "sha256:00243ae351a257117b6a241061796684b084ed1c516a08c48a3f7e147a9d80b4", size = 143416, upload-time = "2026-01-21T20:50:39.064Z" }
wheels = [
    { url = "https://files.pythonhosted.org/packages/b7/b9/c538f279a4e237a006a2c98387d081e9eb060d203d8ed34467cc0f0b9b53/packaging-26.0-py3-none-any.whl", hash = "sha256:b36f1fef9334a5588b4166f8bcd26a14e521f2b55e6b9de3aaa80d3ff7a37529", size = 74366, upload-time = "2026-01-21T20:50:37.788Z" },
]

[[package]]
name = "psycopg2-binary"
version = "2.9.11"
source = { registry = "https://pypi.org/simple" }
sdist = { url = "https://files.pythonhosted.org/packages/ac/6c/8767aaa597ba424643dc87348c6f1754dd9f48e80fdc1b9f7ca5c3a7c213/psycopg2-binary-2.9.11.tar.gz", hash = "sha256:b6aed9e096bf63f9e75edf2581aa9a7e7186d97ab5c177aa6c87797cd591236c", size = 379620, upload-time = "2025-10-10T11:14:48.041Z" }
wheels = [
    { url = "https://files.pythonhosted.org/packages/64/12/93ef0098590cf51d9732b4f139533732565704f45bdc1ffa741b7c95fb54/psycopg2_binary-2.9.11-cp314-cp314-macosx_10_13_x86_64.whl", hash = "sha256:92e3b669236327083a2e33ccfa0d320dd01b9803b3e14dd986a4fc54aa00f4e1", size = 3756567, upload-time = "2025-10-10T11:13:11.885Z" },
    { url = "https://files.pythonhosted.org/packages/7c/a9/9d55c614a891288f15ca4b5209b09f0f01e3124056924e17b81b9fa054cc/psycopg2_binary-2.9.11-cp314-cp314-macosx_11_0_arm64.whl", hash = "sha256:e0deeb03da539fa3577fcb0b3f2554a97f7e5477c246098dbb18091a4a01c16f", size = 3864755, upload-time = "2025-10-10T11:13:17.727Z" },
    { url = "https://files.pythonhosted.org/packages/13/1e/98874ce72fd29cbde93209977b196a2edae03f8490d1bd8158e7f1daf3a0/psycopg2_binary-2.9.11-cp314-cp314-manylinux2014_aarch64.manylinux_2_17_aarch64.whl", hash = "sha256:9b52a3f9bb540a3e4ec0f6ba6d31339727b2950c9772850d6545b7eae0b9d7c5", size = 4411646, upload-time = "2025-10-10T11:13:24.432Z" },
    { url = "https://files.pythonhosted.org/packages/5a/bd/a335ce6645334fb8d758cc358810defca14a1d19ffbc8a10bd38a2328565/psycopg2_binary-2.9.11-cp314-cp314-manylinux2014_ppc64le.manylinux_2_17_ppc64le.whl", hash = "sha256:db4fd476874ccfdbb630a54426964959e58da4c61c9feba73e6094d51303d7d8", size = 4468701, upload-time = "2025-10-10T11:13:29.266Z" },
    { url = "https://files.pythonhosted.org/packages/44/d6/c8b4f53f34e295e45709b7568bf9b9407a612ea30387d35eb9fa84f269b4/psycopg2_binary-2.9.11-cp314-cp314-manylinux2014_x86_64.manylinux_2_17_x86_64.whl", hash = "sha256:47f212c1d3be608a12937cc131bd85502954398aaa1320cb4c14421a0ffccf4c", size = 4166293, upload-time = "2025-10-10T11:13:33.336Z" },
    { url = "https://files.pythonhosted.org/packages/4b/e0/f8cc36eadd1b716ab36bb290618a3292e009867e5c97ce4aba908cb99644/psycopg2_binary-2.9.11-cp314-cp314-manylinux_2_38_riscv64.manylinux_2_39_riscv64.whl", hash = "sha256:e35b7abae2b0adab776add56111df1735ccc71406e56203515e228a8dc07089f", size = 3983184, upload-time = "2025-10-30T02:55:32.483Z" },
    { url = "https://files.pythonhosted.org/packages/53/3e/2a8fe18a4e61cfb3417da67b6318e12691772c0696d79434184a511906dc/psycopg2_binary-2.9.11-cp314-cp314-musllinux_1_2_aarch64.whl", hash = "sha256:fcf21be3ce5f5659daefd2b3b3b6e4727b028221ddc94e6c1523425579664747", size = 3652650, upload-time = "2025-10-10T11:13:38.181Z" },
    { url = "https://files.pythonhosted.org/packages/76/36/03801461b31b29fe58d228c24388f999fe814dfc302856e0d17f97d7c54d/psycopg2_binary-2.9.11-cp314-cp314-musllinux_1_2_ppc64le.whl", hash = "sha256:9bd81e64e8de111237737b29d68039b9c813bdf520156af36d26819c9a979e5f", size = 3298663, upload-time = "2025-10-10T11:13:44.878Z" },
    { url = "https://files.pythonhosted.org/packages/97/77/21b0ea2e1a73aa5fa9222b2a6b8ba325c43c3a8d54272839c991f2345656/psycopg2_binary-2.9.11-cp314-cp314-musllinux_1_2_riscv64.whl", hash = "sha256:32770a4d666fbdafab017086655bcddab791d7cb260a16679cc5a7338b64343b", size = 3044737, upload-time = "2025-10-30T02:55:35.69Z" },
    { url = "https://files.pythonhosted.org/packages/67/69/f36abe5f118c1dca6d3726ceae164b9356985805480731ac6712a63f24f0/psycopg2_binary-2.9.11-cp314-cp314-musllinux_1_2_x86_64.whl", hash = "sha256:c3cb3a676873d7506825221045bd70e0427c905b9c8ee8d6acd70cfcbd6e576d", size = 3347643, upload-time = "2025-10-10T11:13:53.499Z" },
    { url = "https://files.pythonhosted.org/packages/e1/36/9c0c326fe3a4227953dfb29f5d0c8ae3b8eb8c1cd2967aa569f50cb3c61f/psycopg2_binary-2.9.11-cp314-cp314-win_amd64.whl", hash = "sha256:4012c9c954dfaccd28f94e84ab9f94e12df76b4afb22331b1f0d3154893a6316", size = 2803913, upload-time = "2025-10-10T11:13:57.058Z" },
]

[[package]]
name = "python-dotenv"
version = "1.2.2"
source = { registry = "https://pypi.org/simple" }
sdist = { url = "https://files.pythonhosted.org/packages/82/ed/0301aeeac3e5353ef3d94b6ec08bbcabd04a72018415dcb29e588514bba8/python_dotenv-1.2.2.tar.gz", hash = "sha256:2c371a91fbd7ba082c2c1dc1f8bf89ca22564a087c2c287cd9b662adde799cf3", size = 50135, upload-time = "2026-03-01T16:00:26.196Z" }
wheels = [
    { url = "https://files.pythonhosted.org/packages/0b/d7/1959b9648791274998a9c3526f6d0ec8fd2233e4d4acce81bbae76b44b2a/python_dotenv-1.2.2-py3-none-any.whl", hash = "sha256:1d8214789a24de455a8b8bd8ae6fe3c6b69a5e3d64aa8a8e5d68e694bbcb285a", size = 22101, upload-time = "2026-03-01T16:00:25.09Z" },
]

[[package]]
name = "regex"
version = "2026.4.4"
source = { registry = "https://pypi.org/simple" }
sdist = { url = "https://files.pythonhosted.org/packages/cb/0e/3a246dbf05666918bd3664d9d787f84a9108f6f43cc953a077e4a7dfdb7e/regex-2026.4.4.tar.gz", hash = "sha256:e08270659717f6973523ce3afbafa53515c4dc5dcad637dc215b6fd50f689423", size = 416000, upload-time = "2026-04-03T20:56:28.155Z" }
wheels = [
    { url = "https://files.pythonhosted.org/packages/f0/f5/ed97c2dc47b5fbd4b73c0d7d75f9ebc8eca139f2bbef476bba35f28c0a77/regex-2026.4.4-cp314-cp314-macosx_10_13_universal2.whl", hash = "sha256:2da82d643fa698e5e5210e54af90181603d5853cf469f5eedf9bfc8f59b4b8c7", size = 490343, upload-time = "2026-04-03T20:55:15.241Z" },
    { url = "https://files.pythonhosted.org/packages/80/e9/de4828a7385ec166d673a5790ad06ac48cdaa98bc0960108dd4b9cc1aef7/regex-2026.4.4-cp314-cp314-macosx_10_13_x86_64.whl", hash = "sha256:54a1189ad9d9357760557c91103d5e421f0a2dabe68a5cdf9103d0dcf4e00752", size = 291909, upload-time = "2026-04-03T20:55:17.558Z" },
    { url = "https://files.pythonhosted.org/packages/b4/d6/5cfbfc97f3201a4d24b596a77957e092030dcc4205894bc035cedcfce62f/regex-2026.4.4-cp314-cp314-macosx_11_0_arm64.whl", hash = "sha256:76d67d5afb1fe402d10a6403bae668d000441e2ab115191a804287d53b772951", size = 289692, upload-time = "2026-04-03T20:55:20.561Z" },
    { url = "https://files.pythonhosted.org/packages/8e/ac/f2212d9fd56fe897e36d0110ba30ba2d247bd6410c5bd98499c7e5a1e1f2/regex-2026.4.4-cp314-cp314-manylinux2014_aarch64.manylinux_2_17_aarch64.manylinux_2_28_aarch64.whl", hash = "sha256:e7cd3e4ee8d80447a83bbc9ab0c8459781fa77087f856c3e740d7763be0df27f", size = 796979, upload-time = "2026-04-03T20:55:22.56Z" },
    { url = "https://files.pythonhosted.org/packages/c9/e3/a016c12675fbac988a60c7e1c16e67823ff0bc016beb27bd7a001dbdabc6/regex-2026.4.4-cp314-cp314-manylinux2014_ppc64le.manylinux_2_17_ppc64le.manylinux_2_28_ppc64le.whl", hash = "sha256:2e19e18c568d2866d8b6a6dfad823db86193503f90823a8f66689315ba28fbe8", size = 866744, upload-time = "2026-04-03T20:55:24.646Z" },
    { url = "https://files.pythonhosted.org/packages/af/a4/0b90ca4cf17adc3cb43de80ec71018c37c88ad64987e8d0d481a95ca60b5/regex-2026.4.4-cp314-cp314-manylinux2014_s390x.manylinux_2_17_s390x.manylinux_2_28_s390x.whl", hash = "sha256:7698a6f38730fd1385d390d1ed07bb13dce39aa616aca6a6d89bea178464b9a4", size = 911613, upload-time = "2026-04-03T20:55:27.033Z" },
    { url = "https://files.pythonhosted.org/packages/8e/3b/2b3dac0b82d41ab43aa87c6ecde63d71189d03fe8854b8ca455a315edac3/regex-2026.4.4-cp314-cp314-manylinux2014_x86_64.manylinux_2_17_x86_64.manylinux_2_28_x86_64.whl", hash = "sha256:173a66f3651cdb761018078e2d9487f4cf971232c990035ec0eb1cdc6bf929a9", size = 800551, upload-time = "2026-04-03T20:55:29.532Z" },
    { url = "https://files.pythonhosted.org/packages/25/fe/5365eb7aa0e753c4b5957815c321519ecab033c279c60e1b1ae2367fa810/regex-2026.4.4-cp314-cp314-manylinux_2_31_riscv64.manylinux_2_39_riscv64.whl", hash = "sha256:fa7922bbb2cc84fa062d37723f199d4c0cd200245ce269c05db82d904db66b83", size = 776911, upload-time = "2026-04-03T20:55:31.526Z" },
    { url = "https://files.pythonhosted.org/packages/aa/b3/7fb0072156bba065e3b778a7bc7b0a6328212be5dd6a86fd207e0c4f2dab/regex-2026.4.4-cp314-cp314-musllinux_1_2_aarch64.whl", hash = "sha256:59f67cd0a0acaf0e564c20bbd7f767286f23e91e2572c5703bf3e56ea7557edb", size = 785751, upload-time = "2026-04-03T20:55:33.797Z" },
    { url = "https://files.pythonhosted.org/packages/02/1a/9f83677eb699273e56e858f7bd95acdbee376d42f59e8bfca2fd80d79df3/regex-2026.4.4-cp314-cp314-musllinux_1_2_ppc64le.whl", hash = "sha256:475e50f3f73f73614f7cba5524d6de49dee269df00272a1b85e3d19f6d498465", size = 860484, upload-time = "2026-04-03T20:55:35.745Z" },
    { url = "https://files.pythonhosted.org/packages/3b/7a/93937507b61cfcff8b4c5857f1b452852b09f741daa9acae15c971d8554e/regex-2026.4.4-cp314-cp314-musllinux_1_2_riscv64.whl", hash = "sha256:a1c0c7d67b64d85ac2e1879923bad2f08a08f3004055f2f406ef73c850114bd4", size = 765939, upload-time = "2026-04-03T20:55:37.972Z" },
    { url = "https://files.pythonhosted.org/packages/86/ea/81a7f968a351c6552b1670ead861e2a385be730ee28402233020c67f9e0f/regex-2026.4.4-cp314-cp314-musllinux_1_2_s390x.whl", hash = "sha256:1371c2ccbb744d66ee63631cc9ca12aa233d5749972626b68fe1a649dd98e566", size = 851417, upload-time = "2026-04-03T20:55:39.92Z" },
    { url = "https://files.pythonhosted.org/packages/4c/7e/323c18ce4b5b8f44517a36342961a0306e931e499febbd876bb149d900f0/regex-2026.4.4-cp314-cp314-musllinux_1_2_x86_64.whl", hash = "sha256:59968142787042db793348a3f5b918cf24ced1f23247328530e063f89c128a95", size = 789056, upload-time = "2026-04-03T20:55:42.303Z" },
    { url = "https://files.pythonhosted.org/packages/c0/af/e7510f9b11b1913b0cd44eddb784b2d650b2af6515bfce4cffcc5bfd1d38/regex-2026.4.4-cp314-cp314-win32.whl", hash = "sha256:59efe72d37fd5a91e373e5146f187f921f365f4abc1249a5ab446a60f30dd5f8", size = 272130, upload-time = "2026-04-03T20:55:44.995Z" },
    { url = "https://files.pythonhosted.org/packages/9a/51/57dae534c915e2d3a21490e88836fa2ae79dde3b66255ecc0c0a155d2c10/regex-2026.4.4-cp314-cp314-win_amd64.whl", hash = "sha256:e0aab3ff447845049d676827d2ff714aab4f73f340e155b7de7458cf53baa5a4", size = 280992, upload-time = "2026-04-03T20:55:47.316Z" },
    { url = "https://files.pythonhosted.org/packages/0a/5e/abaf9f4c3792e34edb1434f06717fae2b07888d85cb5cec29f9204931bf8/regex-2026.4.4-cp314-cp314-win_arm64.whl", hash = "sha256:a7a5bb6aa0cf62208bb4fa079b0c756734f8ad0e333b425732e8609bd51ee22f", size = 273563, upload-time = "2026-04-03T20:55:49.273Z" },
    { url = "https://files.pythonhosted.org/packages/ff/06/35da85f9f217b9538b99cbb170738993bcc3b23784322decb77619f11502/regex-2026.4.4-cp314-cp314t-macosx_10_13_universal2.whl", hash = "sha256:97850d0638391bdc7d35dc1c1039974dcb921eaafa8cc935ae4d7f272b1d60b3", size = 494191, upload-time = "2026-04-03T20:55:51.258Z" },
    { url = "https://files.pythonhosted.org/packages/54/5b/1bc35f479eef8285c4baf88d8c002023efdeebb7b44a8735b36195486ae7/regex-2026.4.4-cp314-cp314t-macosx_10_13_x86_64.whl", hash = "sha256:ee7337f88f2a580679f7bbfe69dc86c043954f9f9c541012f49abc554a962f2e", size = 293877, upload-time = "2026-04-03T20:55:53.214Z" },
    { url = "https://files.pythonhosted.org/packages/39/5b/f53b9ad17480b3ddd14c90da04bfb55ac6894b129e5dea87bcaf7d00e336/regex-2026.4.4-cp314-cp314t-macosx_11_0_arm64.whl", hash = "sha256:7429f4e6192c11d659900c0648ba8776243bf396ab95558b8c51a345afeddde6", size = 292410, upload-time = "2026-04-03T20:55:55.736Z" },
    { url = "https://files.pythonhosted.org/packages/bb/56/52377f59f60a7c51aa4161eecf0b6032c20b461805aca051250da435ffc9/regex-2026.4.4-cp314-cp314t-manylinux2014_aarch64.manylinux_2_17_aarch64.manylinux_2_28_aarch64.whl", hash = "sha256:dc4f10fbd5dd13dcf4265b4cc07d69ca70280742870c97ae10093e3d66000359", size = 811831, upload-time = "2026-04-03T20:55:57.802Z" },
    { url = "https://files.pythonhosted.org/packages/dd/63/8026310bf066f702a9c361f83a8c9658f3fe4edb349f9c1e5d5273b7c40c/regex-2026.4.4-cp314-cp314t-manylinux2014_ppc64le.manylinux_2_17_ppc64le.manylinux_2_28_ppc64le.whl", hash = "sha256:a152560af4f9742b96f3827090f866eeec5becd4765c8e0d3473d9d280e76a5a", size = 871199, upload-time = "2026-04-03T20:56:00.333Z" },
    { url = "https://files.pythonhosted.org/packages/20/9f/a514bbb00a466dbb506d43f187a04047f7be1505f10a9a15615ead5080ee/regex-2026.4.4-cp314-cp314t-manylinux2014_s390x.manylinux_2_17_s390x.manylinux_2_28_s390x.whl", hash = "sha256:54170b3e95339f415d54651f97df3bff7434a663912f9358237941bbf9143f55", size = 917649, upload-time = "2026-04-03T20:56:02.445Z" },
    { url = "https://files.pythonhosted.org/packages/cb/6b/8399f68dd41a2030218839b9b18360d79b86d22b9fab5ef477c7f23ca67c/regex-2026.4.4-cp314-cp314t-manylinux2014_x86_64.manylinux_2_17_x86_64.manylinux_2_28_x86_64.whl", hash = "sha256:07f190d65f5a72dcb9cf7106bfc3d21e7a49dd2879eda2207b683f32165e4d99", size = 816388, upload-time = "2026-04-03T20:56:04.595Z" },
    { url = "https://files.pythonhosted.org/packages/1e/9c/103963f47c24339a483b05edd568594c2be486188f688c0170fd504b2948/regex-2026.4.4-cp314-cp314t-manylinux_2_31_riscv64.manylinux_2_39_riscv64.whl", hash = "sha256:9a2741ce5a29d3c84b0b94261ba630ab459a1b847a0d6beca7d62d188175c790", size = 785746, upload-time = "2026-04-03T20:56:07.13Z" },
    { url = "https://files.pythonhosted.org/packages/fa/ee/7f6054c0dec0cee3463c304405e4ff42e27cff05bf36fcb34be549ab17bd/regex-2026.4.4-cp314-cp314t-musllinux_1_2_aarch64.whl", hash = "sha256:b26c30df3a28fd9793113dac7385a4deb7294a06c0f760dd2b008bd49a9139bc", size = 801483, upload-time = "2026-04-03T20:56:09.365Z" },
    { url = "https://files.pythonhosted.org/packages/30/c2/51d3d941cf6070dc00c3338ecf138615fc3cce0421c3df6abe97a08af61a/regex-2026.4.4-cp314-cp314t-musllinux_1_2_ppc64le.whl", hash = "sha256:421439d1bee44b19f4583ccf42670ca464ffb90e9fdc38d37f39d1ddd1e44f1f", size = 866331, upload-time = "2026-04-03T20:56:12.039Z" },
    { url = "https://files.pythonhosted.org/packages/16/e8/76d50dcc122ac33927d939f350eebcfe3dbcbda96913e03433fc36de5e63/regex-2026.4.4-cp314-cp314t-musllinux_1_2_riscv64.whl", hash = "sha256:b40379b53ecbc747fd9bdf4a0ea14eb8188ca1bd0f54f78893a39024b28f4863", size = 772673, upload-time = "2026-04-03T20:56:14.558Z" },
    { url = "https://files.pythonhosted.org/packages/a5/6e/5f6bf75e20ea6873d05ba4ec78378c375cbe08cdec571c83fbb01606e563/regex-2026.4.4-cp314-cp314t-musllinux_1_2_s390x.whl", hash = "sha256:08c55c13d2eef54f73eeadc33146fb0baaa49e7335eb1aff6ae1324bf0ddbe4a", size = 857146, upload-time = "2026-04-03T20:56:16.663Z" },
    { url = "https://files.pythonhosted.org/packages/0b/33/3c76d9962949e487ebba353a18e89399f292287204ac8f2f4cfc3a51c233/regex-2026.4.4-cp314-cp314t-musllinux_1_2_x86_64.whl", hash = "sha256:9776b85f510062f5a75ef112afe5f494ef1635607bf1cc220c1391e9ac2f5e81", size = 803463, upload-time = "2026-04-03T20:56:18.923Z" },
    { url = "https://files.pythonhosted.org/packages/19/eb/ef32dcd2cb69b69bc0c3e55205bce94a7def48d495358946bc42186dcccc/regex-2026.4.4-cp314-cp314t-win32.whl", hash = "sha256:385edaebde5db5be103577afc8699fea73a0e36a734ba24870be7ffa61119d74", size = 275709, upload-time = "2026-04-03T20:56:20.996Z" },
    { url = "https://files.pythonhosted.org/packages/a0/86/c291bf740945acbf35ed7dbebf8e2eea2f3f78041f6bd7cdab80cb274dc0/regex-2026.4.4-cp314-cp314t-win_amd64.whl", hash = "sha256:5d354b18839328927832e2fa5f7c95b7a3ccc39e7a681529e1685898e6436d45", size = 285622, upload-time = "2026-04-03T20:56:23.641Z" },
    { url = "https://files.pythonhosted.org/packages/d5/e7/ec846d560ae6a597115153c02ca6138a7877a1748b2072d9521c10a93e58/regex-2026.4.4-cp314-cp314t-win_arm64.whl", hash = "sha256:af0384cb01a33600c49505c27c6c57ab0b27bf84a74e28524c92ca897ebdac9d", size = 275773, upload-time = "2026-04-03T20:56:26.07Z" },
]

[[package]]
name = "sqlparse"
version = "0.5.5"
source = { registry = "https://pypi.org/simple" }
sdist = { url = "https://files.pythonhosted.org/packages/90/76/437d71068094df0726366574cf3432a4ed754217b436eb7429415cf2d480/sqlparse-0.5.5.tar.gz", hash = "sha256:e20d4a9b0b8585fdf63b10d30066c7c94c5d7a7ec47c889a2d83a3caa93ff28e", size = 120815, upload-time = "2025-12-19T07:17:45.073Z" }
wheels = [
    { url = "https://files.pythonhosted.org/packages/49/4b/359f28a903c13438ef59ebeee215fb25da53066db67b305c125f1c6d2a25/sqlparse-0.5.5-py3-none-any.whl", hash = "sha256:12a08b3bf3eec877c519589833aed092e2444e68240a3577e8e26148acc7b1ba", size = 46138, upload-time = "2025-12-19T07:17:46.573Z" },
]

[[package]]
name = "tqdm"
version = "4.67.3"
source = { registry = "https://pypi.org/simple" }
dependencies = [
    { name = "colorama", marker = "sys_platform == 'win32'" },
]
sdist = { url = "https://files.pythonhosted.org/packages/09/a9/6ba95a270c6f1fbcd8dac228323f2777d886cb206987444e4bce66338dd4/tqdm-4.67.3.tar.gz", hash = "sha256:7d825f03f89244ef73f1d4ce193cb1774a8179fd96f31d7e1dcde62092b960bb", size = 169598, upload-time = "2026-02-03T17:35:53.048Z" }
wheels = [
    { url = "https://files.pythonhosted.org/packages/16/e1/3079a9ff9b8e11b846c6ac5c8b5bfb7ff225eee721825310c91b3b50304f/tqdm-4.67.3-py3-none-any.whl", hash = "sha256:ee1e4c0e59148062281c49d80b25b67771a127c85fc9676d3be5f243206826bf", size = 78374, upload-time = "2026-02-03T17:35:50.982Z" },
]

[[package]]
name = "tzdata"
version = "2026.1"
source = { registry = "https://pypi.org/simple" }
sdist = { url = "https://files.pythonhosted.org/packages/19/f5/cd531b2d15a671a40c0f66cf06bc3570a12cd56eef98960068ebbad1bf5a/tzdata-2026.1.tar.gz", hash = "sha256:67658a1903c75917309e753fdc349ac0efd8c27db7a0cb406a25be4840f87f98", size = 197639, upload-time = "2026-04-03T11:25:22.002Z" }
wheels = [
    { url = "https://files.pythonhosted.org/packages/b0/70/d460bd685a170790ec89317e9bd33047988e4bce507b831f5db771e142de/tzdata-2026.1-py2.py3-none-any.whl", hash = "sha256:4b1d2be7ac37ceafd7327b961aa3a54e467efbdb563a23655fbfe0d39cfc42a9", size = 348952, upload-time = "2026-04-03T11:25:20.313Z" },
]

[[package]]
name = "zahri"
version = "0.1.0"
source = { virtual = "." }
dependencies = [
    { name = "django" },
    { name = "django-allauth" },
    { name = "gunicorn" },
    { name = "nltk" },
    { name = "psycopg2-binary" },
    { name = "python-dotenv" },
]

[package.metadata]
requires-dist = [
    { name = "django", specifier = ">=6.0.2" },
    { name = "django-allauth", specifier = ">=65.14.3" },
    { name = "gunicorn", specifier = ">=25.1.0" },
    { name = "nltk", specifier = ">=3.9.3" },
    { name = "psycopg2-binary", specifier = ">=2.9.11" },
    { name = "python-dotenv", specifier = ">=1.2.1" },
]
